
Microsoft Visual Studio Solution File, Format Version 11.00
# Visual Studio 2010
Project("{FAE04EC0-301F-11D3-BF4B-00C04F79EFBC}") = "ChannelGuide", "ChannelGuide\ChannelGuide.csproj", "{547F6111-9F95-4B7A-B62D-A1D4C7C7337E}"
EndProject
Global
	GlobalSection(SolutionConfigurationPlatforms) = preSolution
		Debug|iPhoneSimulator = Debug|iPhoneSimulator
		Release|iPhoneSimulator = Release|iPhoneSimulator
		Debug|iPhone = Debug|iPhone
		Release|iPhone = Release|iPhone
	EndGlobalSection
	GlobalSection(ProjectConfigurationPlatforms) = postSolution
		{547F6111-9F95-4B7A-B62D-A1D4C7C7337E}.Debug|iPhone.ActiveCfg = Debug|iPhone
		{547F6111-9F95-4B7A-B62D-A1D4C7C7337E}.Debug|iPhone.Build.0 = Debug|iPhone
		{547F6111-9F95-4B7A-B62D-A1D4C7C7337E}.Debug|iPhoneSimulator.ActiveCfg = Debug|iPhoneSimulator
		{547F6111-9F95-4B7A-B62D-A1D4C7C7337E}.Debug|iPhoneSimulator.Build.0 = Debug|iPhoneSimulator
		{547F6111-9F95-4B7A-B62D-A1D4C7C7337E}.Release|iPhone.ActiveCfg = Release|iPhone
		{547F6111-9F95-4B7A-B62D-A1D4C7C7337E}.Release|iPhone.Build.0 = Release|iPhone
		{547F6111-9F95-4B7A-B62D-A1D4C7C7337E}.Release|iPhoneSimulator.ActiveCfg = Release|iPhoneSimulator
		{547F6111-9F95-4B7A-B62D-A1D4C7C7337E}.Release|iPhoneSimulator.Build.0 = Release|iPhoneSimulator
	EndGlobalSection
	GlobalSection(MonoDevelopProperties) = preSolution
		StartupItem = ChannelGuide\ChannelGuide.csproj
	EndGlobalSection
EndGlobal
